<?xml version="1.0" encoding="utf-8"?>
<Project ToolsVersion="4.0" xmlns="http://schemas.microsoft.com/developer/msbuild/2003">
  <ItemGroup>
    <ClCompile Include="initquit.cpp">
      <Filter>Source Files</Filter>
    </ClCompile>
    <ClCompile Include="LruCache.cpp">
      <Filter>Source Files</Filter>
    </ClCompile>
    <ClCompile Include="util.cpp">
      <Filter>Source Files</Filter>
    </ClCompile>
    <ClCompile Include="Bindings.cpp">
      <Filter>Source Files</Filter>
    </ClCompile>
    <ClCompile Include="preferences.cpp">
      <Filter>Source Files</Filter>
    </ClCompile>
    <ClCompile Include="PlaycountConfig.cpp">
      <Filter>Source Files</Filter>
    </ClCompile>
    <ClCompile Include="main.cpp">
      <Filter>Source Files</Filter>
    </ClCompile>
    <ClCompile Include="PCH.cpp">
      <Filter>Source Files</Filter>
    </ClCompile>
    <ClCompile Include="contextmenu.cpp">
      <Filter>Source Files</Filter>
    </ClCompile>
    <ClCompile Include="PlayedTimes.cpp">
      <Filter>Source Files</Filter>
    </ClCompile>
    <ClCompile Include="lastfm.cpp">
      <Filter>Source Files</Filter>
    </ClCompile>
    <ClCompile Include="Query.cpp">
      <Filter>Source Files</Filter>
    </ClCompile>
    <ClCompile Include="thread_pool.cpp">
      <Filter>Source Files</Filter>
    </ClCompile>
    <ClCompile Include="fields.cpp">
      <Filter>Source Files</Filter>
    </ClCompile>
    <ClCompile Include="artistTimes.cpp">
      <Filter>Source Files</Filter>
    </ClCompile>
  </ItemGroup>
  <ItemGroup>
    <ClInclude Include="include\rapidjson\rapidjson.h">
      <Filter>Header Files</Filter>
    </ClInclude>
    <ClInclude Include="Query.h">
      <Filter>Header Files</Filter>
    </ClInclude>
    <ClInclude Include="globals.h">
      <Filter>Header Files</Filter>
    </ClInclude>
    <ClInclude Include="util.h">
      <Filter>Header Files</Filter>
    </ClInclude>
    <ClInclude Include="Bindings.h">
      <Filter>Header Files</Filter>
    </ClInclude>
    <ClInclude Include="PlaycountConfig.h">
      <Filter>Header Files</Filter>
    </ClInclude>
    <ClInclude Include="resource.h">
      <Filter>Header Files</Filter>
    </ClInclude>
    <ClInclude Include="stdafx.h">
      <Filter>Header Files</Filter>
    </ClInclude>
    <ClInclude Include="lastfm.h">
      <Filter>Header Files</Filter>
    </ClInclude>
    <ClInclude Include="PlayedTimes.h">
      <Filter>Header Files</Filter>
    </ClInclude>
    <ClInclude Include="thread_pool.h">
      <Filter>Header Files</Filter>
    </ClInclude>
    <ClInclude Include="artistTimes.h">
      <Filter>Header Files</Filter>
    </ClInclude>
  </ItemGroup>
  <ItemGroup>
    <Filter Include="Header Files">
      <UniqueIdentifier>{c11abf2c-77fd-4298-9fa6-57bf87968b4a}</UniqueIdentifier>
    </Filter>
    <Filter Include="Source Files">
      <UniqueIdentifier>{faee7604-2061-49a4-a6c5-497855c9d001}</UniqueIdentifier>
    </Filter>
    <Filter Include="Resource Files">
      <UniqueIdentifier>{6fb0ea99-245a-48ad-a5c9-ae6a14696d27}</UniqueIdentifier>
    </Filter>
  </ItemGroup>
  <ItemGroup>
    <ResourceCompile Include="foo_enhanced_playcount.rc">
      <Filter>Resource Files</Filter>
    </ResourceCompile>
  </ItemGroup>
</Project>